
Microsoft Visual Studio Solution File, Format Version 12.00
# Visual Studio Version 17
VisualStudioVersion = 17.4.33205.214
MinimumVisualStudioVersion = 10.0.40219.1
Project("{2150E333-8FDC-42A3-9474-1A3956D46DE8}") = "src", "src", "{A7E60CF6-70DB-464D-9700-8C032DA03A34}"
EndProject
Project("{2150E333-8FDC-42A3-9474-1A3956D46DE8}") = "tests", "tests", "{12486E6C-DB1A-4AE8-B80D-21FE6EFA0776}"
EndProject
Project("{9A19103F-16F7-4668-BE54-9A1E7A4F7556}") = "Dependous", "src\Dependous\Dependous.csproj", "{C24E908A-B978-4163-A402-0485A27C9611}"
EndProject
Project("{9A19103F-16F7-4668-BE54-9A1E7A4F7556}") = "Dependous.Tests", "tests\Dependous.Tests\Dependous.Tests.csproj", "{2FAA3937-3CEE-47FC-A2B5-37EC65778618}"
EndProject
Project("{9A19103F-16F7-4668-BE54-9A1E7A4F7556}") = "Dependous.Test.Common", "tests\Dependous.Test.Common\Dependous.Test.Common.csproj", "{F133525B-900C-4C9B-9D36-AA377342A7A0}"
EndProject
Project("{2150E333-8FDC-42A3-9474-1A3956D46DE8}") = "Common", "Common", "{90A675A8-1C40-44E3-A2ED-A75A32CC09CF}"
	ProjectSection(SolutionItems) = preProject
		Readme.md = Readme.md
		Run-Build.ps1 = Run-Build.ps1
	EndProjectSection
EndProject
Project("{9A19103F-16F7-4668-BE54-9A1E7A4F7556}") = "Dependous.Autofac", "src\Dependous.Autofac\Dependous.Autofac.csproj", "{91BE09A6-1211-46D3-9419-61F1E2BFBB71}"
EndProject
Project("{9A19103F-16F7-4668-BE54-9A1E7A4F7556}") = "Dependous.Probing", "tests\Dependous.Probing\Dependous.Probing.csproj", "{2823C940-A401-4D47-9F87-8D4541869D3C}"
EndProject
Project("{2150E333-8FDC-42A3-9474-1A3956D46DE8}") = "examples", "examples", "{3E62B4CD-F522-4E81-AF1F-AEAB7230B58F}"
EndProject
Project("{2150E333-8FDC-42A3-9474-1A3956D46DE8}") = "net6+", "net6+", "{C039A585-F40C-4D83-BB4B-ED680EE84633}"
EndProject
Project("{9A19103F-16F7-4668-BE54-9A1E7A4F7556}") = "ConsoleExample", "examples\net6+\ConsoleExample\ConsoleExample.csproj", "{643FFF4B-F8B2-4AD8-8A59-53E947EF1D57}"
EndProject
Project("{9A19103F-16F7-4668-BE54-9A1E7A4F7556}") = "MinimalWebApi", "examples\net6+\MinimalWebApi\MinimalWebApi.csproj", "{997121DD-2CD7-4109-B7B3-0FDABE8892DF}"
EndProject
Project("{9A19103F-16F7-4668-BE54-9A1E7A4F7556}") = "WorkerExample", "examples\net6+\WorkerExample\WorkerExample.csproj", "{AAD1109D-4F08-46B9-9898-3E5A4315E000}"
EndProject
Project("{9A19103F-16F7-4668-BE54-9A1E7A4F7556}") = "ExamplesCommon", "examples\net6+\ExamplesCommon\ExamplesCommon.csproj", "{538E07B4-B91B-4D41-9A5D-6E0502251442}"
EndProject
Global
	GlobalSection(SolutionConfigurationPlatforms) = preSolution
		Debug|Any CPU = Debug|Any CPU
		Release|Any CPU = Release|Any CPU
	EndGlobalSection
	GlobalSection(ProjectConfigurationPlatforms) = postSolution
		{C24E908A-B978-4163-A402-0485A27C9611}.Debug|Any CPU.ActiveCfg = Debug|Any CPU
		{C24E908A-B978-4163-A402-0485A27C9611}.Debug|Any CPU.Build.0 = Debug|Any CPU
		{C24E908A-B978-4163-A402-0485A27C9611}.Release|Any CPU.ActiveCfg = Release|Any CPU
		{C24E908A-B978-4163-A402-0485A27C9611}.Release|Any CPU.Build.0 = Release|Any CPU
		{2FAA3937-3CEE-47FC-A2B5-37EC65778618}.Debug|Any CPU.ActiveCfg = Debug|Any CPU
		{2FAA3937-3CEE-47FC-A2B5-37EC65778618}.Debug|Any CPU.Build.0 = Debug|Any CPU
		{2FAA3937-3CEE-47FC-A2B5-37EC65778618}.Release|Any CPU.ActiveCfg = Release|Any CPU
		{2FAA3937-3CEE-47FC-A2B5-37EC65778618}.Release|Any CPU.Build.0 = Release|Any CPU
		{F133525B-900C-4C9B-9D36-AA377342A7A0}.Debug|Any CPU.ActiveCfg = Debug|Any CPU
		{F133525B-900C-4C9B-9D36-AA377342A7A0}.Debug|Any CPU.Build.0 = Debug|Any CPU
		{F133525B-900C-4C9B-9D36-AA377342A7A0}.Release|Any CPU.ActiveCfg = Release|Any CPU
		{F133525B-900C-4C9B-9D36-AA377342A7A0}.Release|Any CPU.Build.0 = Release|Any CPU
		{91BE09A6-1211-46D3-9419-61F1E2BFBB71}.Debug|Any CPU.ActiveCfg = Debug|Any CPU
		{91BE09A6-1211-46D3-9419-61F1E2BFBB71}.Debug|Any CPU.Build.0 = Debug|Any CPU
		{91BE09A6-1211-46D3-9419-61F1E2BFBB71}.Release|Any CPU.ActiveCfg = Release|Any CPU
		{91BE09A6-1211-46D3-9419-61F1E2BFBB71}.Release|Any CPU.Build.0 = Release|Any CPU
		{2823C940-A401-4D47-9F87-8D4541869D3C}.Debug|Any CPU.ActiveCfg = Debug|Any CPU
		{2823C940-A401-4D47-9F87-8D4541869D3C}.Debug|Any CPU.Build.0 = Debug|Any CPU
		{2823C940-A401-4D47-9F87-8D4541869D3C}.Release|Any CPU.ActiveCfg = Release|Any CPU
		{2823C940-A401-4D47-9F87-8D4541869D3C}.Release|Any CPU.Build.0 = Release|Any CPU
		{643FFF4B-F8B2-4AD8-8A59-53E947EF1D57}.Debug|Any CPU.ActiveCfg = Debug|Any CPU
		{643FFF4B-F8B2-4AD8-8A59-53E947EF1D57}.Debug|Any CPU.Build.0 = Debug|Any CPU
		{643FFF4B-F8B2-4AD8-8A59-53E947EF1D57}.Release|Any CPU.ActiveCfg = Release|Any CPU
		{643FFF4B-F8B2-4AD8-8A59-53E947EF1D57}.Release|Any CPU.Build.0 = Release|Any CPU
		{997121DD-2CD7-4109-B7B3-0FDABE8892DF}.Debug|Any CPU.ActiveCfg = Debug|Any CPU
		{997121DD-2CD7-4109-B7B3-0FDABE8892DF}.Debug|Any CPU.Build.0 = Debug|Any CPU
		{997121DD-2CD7-4109-B7B3-0FDABE8892DF}.Release|Any CPU.ActiveCfg = Release|Any CPU
		{997121DD-2CD7-4109-B7B3-0FDABE8892DF}.Release|Any CPU.Build.0 = Release|Any CPU
		{AAD1109D-4F08-46B9-9898-3E5A4315E000}.Debug|Any CPU.ActiveCfg = Debug|Any CPU
		{AAD1109D-4F08-46B9-9898-3E5A4315E000}.Debug|Any CPU.Build.0 = Debug|Any CPU
		{AAD1109D-4F08-46B9-9898-3E5A4315E000}.Release|Any CPU.ActiveCfg = Release|Any CPU
		{AAD1109D-4F08-46B9-9898-3E5A4315E000}.Release|Any CPU.Build.0 = Release|Any CPU
		{538E07B4-B91B-4D41-9A5D-6E0502251442}.Debug|Any CPU.ActiveCfg = Debug|Any CPU
		{538E07B4-B91B-4D41-9A5D-6E0502251442}.Debug|Any CPU.Build.0 = Debug|Any CPU
		{538E07B4-B91B-4D41-9A5D-6E0502251442}.Release|Any CPU.ActiveCfg = Release|Any CPU
		{538E07B4-B91B-4D41-9A5D-6E0502251442}.Release|Any CPU.Build.0 = Release|Any CPU
	EndGlobalSection
	GlobalSection(SolutionProperties) = preSolution
		HideSolutionNode = FALSE
	EndGlobalSection
	GlobalSection(NestedProjects) = preSolution
		{C24E908A-B978-4163-A402-0485A27C9611} = {A7E60CF6-70DB-464D-9700-8C032DA03A34}
		{2FAA3937-3CEE-47FC-A2B5-37EC65778618} = {12486E6C-DB1A-4AE8-B80D-21FE6EFA0776}
		{F133525B-900C-4C9B-9D36-AA377342A7A0} = {12486E6C-DB1A-4AE8-B80D-21FE6EFA0776}
		{91BE09A6-1211-46D3-9419-61F1E2BFBB71} = {A7E60CF6-70DB-464D-9700-8C032DA03A34}
		{2823C940-A401-4D47-9F87-8D4541869D3C} = {12486E6C-DB1A-4AE8-B80D-21FE6EFA0776}
		{C039A585-F40C-4D83-BB4B-ED680EE84633} = {3E62B4CD-F522-4E81-AF1F-AEAB7230B58F}
		{643FFF4B-F8B2-4AD8-8A59-53E947EF1D57} = {C039A585-F40C-4D83-BB4B-ED680EE84633}
		{997121DD-2CD7-4109-B7B3-0FDABE8892DF} = {C039A585-F40C-4D83-BB4B-ED680EE84633}
		{AAD1109D-4F08-46B9-9898-3E5A4315E000} = {C039A585-F40C-4D83-BB4B-ED680EE84633}
		{538E07B4-B91B-4D41-9A5D-6E0502251442} = {C039A585-F40C-4D83-BB4B-ED680EE84633}
	EndGlobalSection
	GlobalSection(ExtensibilityGlobals) = postSolution
		SolutionGuid = {83368FA5-0365-448B-BA31-C47F4EBD41C9}
	EndGlobalSection
EndGlobal
